
Microsoft Visual Studio Solution File, Format Version 12.00
# Visual Studio Version 17
VisualStudioVersion = 17.14.36623.8 d17.14
MinimumVisualStudioVersion = 10.0.40219.1
Project("{FAE04EC0-301F-11D3-BF4B-00C04F79EFBC}") = "EquipmentDashboardTT", "EquipmentDashboardTT\EquipmentDashboardTT.csproj", "{10763A92-40B4-477C-8152-E60F7C5CB845}"
EndProject
Global
	GlobalSection(SolutionConfigurationPlatforms) = preSolution
		Debug|Any CPU = Debug|Any CPU
		Release|Any CPU = Release|Any CPU
	EndGlobalSection
	GlobalSection(ProjectConfigurationPlatforms) = postSolution
		{10763A92-40B4-477C-8152-E60F7C5CB845}.Debug|Any CPU.ActiveCfg = Debug|Any CPU
		{10763A92-40B4-477C-8152-E60F7C5CB845}.Debug|Any CPU.Build.0 = Debug|Any CPU
		{10763A92-40B4-477C-8152-E60F7C5CB845}.Release|Any CPU.ActiveCfg = Release|Any CPU
		{10763A92-40B4-477C-8152-E60F7C5CB845}.Release|Any CPU.Build.0 = Release|Any CPU
	EndGlobalSection
	GlobalSection(SolutionProperties) = preSolution
		HideSolutionNode = FALSE
	EndGlobalSection
	GlobalSection(ExtensibilityGlobals) = postSolution
		SolutionGuid = {F82AB2AC-31F1-419F-AA94-A3F178615693}
	EndGlobalSection
EndGlobal
